
Microsoft Visual Studio Solution File, Format Version 12.00
# Visual Studio Version 17
VisualStudioVersion = 17.5.002.0
MinimumVisualStudioVersion = 10.0.40219.1
Project("{9A19103F-16F7-4668-BE54-9A1E7A4F7556}") = "practica2-Msalmeron95", "practica2-Msalmeron95.csproj", "{8E10A3D4-A448-43DB-B66F-DB7668F9879A}"
EndProject
Global
	GlobalSection(SolutionConfigurationPlatforms) = preSolution
		Debug|Any CPU = Debug|Any CPU
		Release|Any CPU = Release|Any CPU
	EndGlobalSection
	GlobalSection(ProjectConfigurationPlatforms) = postSolution
		{8E10A3D4-A448-43DB-B66F-DB7668F9879A}.Debug|Any CPU.ActiveCfg = Debug|Any CPU
		{8E10A3D4-A448-43DB-B66F-DB7668F9879A}.Debug|Any CPU.Build.0 = Debug|Any CPU
		{8E10A3D4-A448-43DB-B66F-DB7668F9879A}.Release|Any CPU.ActiveCfg = Release|Any CPU
		{8E10A3D4-A448-43DB-B66F-DB7668F9879A}.Release|Any CPU.Build.0 = Release|Any CPU
	EndGlobalSection
	GlobalSection(SolutionProperties) = preSolution
		HideSolutionNode = FALSE
	EndGlobalSection
	GlobalSection(ExtensibilityGlobals) = postSolution
		SolutionGuid = {D42260E3-82D4-4037-8EFC-6E1CEC79C76C}
	EndGlobalSection
EndGlobal
